{
  "requires": true,
  "lockfileVersion": 1,
  "dependencies": {
    "highlight.js": {
      "version": "9.15.6",
      "resolved": "https://registry.npmjs.org/highlight.js/-/highlight.js-9.15.6.tgz",
      "integrity": "sha512-zozTAWM1D6sozHo8kqhfYgsac+B+q0PmsjXeyDrYIHHcBN0zTVT66+s2GW1GZv7DbyaROdLXKdabwS/WqPyIdQ=="
    },
    "highlight.js-async-webpack": {
      "version": "1.0.4",
      "resolved": "https://registry.npmjs.org/highlight.js-async-webpack/-/highlight.js-async-webpack-1.0.4.tgz",
      "integrity": "sha1-wGtnv5nwSQRdYrdW5YVbCRLsYWw="
    },
    "mavon-editor": {
      "version": "2.7.0",
      "resolved": "https://registry.npmjs.org/mavon-editor/-/mavon-editor-2.7.0.tgz",
      "integrity": "sha512-NonoBxMdFDGMZTZIRDDEbqZ/PLbGW1FNbaWIT10dZ3mvMUJVorniReVPng3nWBa1eb6xj5LUP2z/GCpSOytm8Q==",
      "requires": {
        "highlight.js": "^9.11.0",
        "highlight.js-async-webpack": "^1.0.4"
      }
    }
  }
}
